
Microsoft Visual Studio Solution File, Format Version 12.00
# Visual Studio Version 16
VisualStudioVersion = 16.0.31321.278
MinimumVisualStudioVersion = 10.0.40219.1
Project("{FAE04EC0-301F-11D3-BF4B-00C04F79EFBC}") = "Strings_Wilson_Kenny", "Strings_Wilson_Kenny\Strings_Wilson_Kenny.csproj", "{3081CD4E-C018-4C74-8558-4C05274FED96}"
EndProject
Global
	GlobalSection(SolutionConfigurationPlatforms) = preSolution
		Debug|Any CPU = Debug|Any CPU
		Release|Any CPU = Release|Any CPU
	EndGlobalSection
	GlobalSection(ProjectConfigurationPlatforms) = postSolution
		{3081CD4E-C018-4C74-8558-4C05274FED96}.Debug|Any CPU.ActiveCfg = Debug|Any CPU
		{3081CD4E-C018-4C74-8558-4C05274FED96}.Debug|Any CPU.Build.0 = Debug|Any CPU
		{3081CD4E-C018-4C74-8558-4C05274FED96}.Release|Any CPU.ActiveCfg = Release|Any CPU
		{3081CD4E-C018-4C74-8558-4C05274FED96}.Release|Any CPU.Build.0 = Release|Any CPU
	EndGlobalSection
	GlobalSection(SolutionProperties) = preSolution
		HideSolutionNode = FALSE
	EndGlobalSection
	GlobalSection(ExtensibilityGlobals) = postSolution
		SolutionGuid = {1090E50F-8703-46E5-B487-DE3D1D04A777}
	EndGlobalSection
EndGlobal
